// !$*UTF8*$!
{
	archiveVersion = 1;
	classes = {
	};
	objectVersion = 46;
	objects = {

/* Begin PBXBuildFile section */
		13DF4B3B18890363008F361F /* Foundation.framework in Frameworks */ = {isa = PBXBuildFile; fileRef = 13DF4B3A18890363008F361F /* Foundation.framework */; };
		13DF4B3D18890363008F361F /* CoreGraphics.framework in Frameworks */ = {isa = PBXBuildFile; fileRef = 13DF4B3C18890363008F361F /* CoreGraphics.framework */; };
		13DF4B3F18890363008F361F /* UIKit.framework in Frameworks */ = {isa = PBXBuildFile; fileRef = 13DF4B3E18890363008F361F /* UIKit.framework */; };
		13DF4B4518890363008F361F /* InfoPlist.strings in Resources */ = {isa = PBXBuildFile; fileRef = 13DF4B4318890363008F361F /* InfoPlist.strings */; };
		13DF4B4718890363008F361F /* main.m in Sources */ = {isa = PBXBuildFile; fileRef = 13DF4B4618890363008F361F /* main.m */; };
		13DF4B4B18890363008F361F /* AppDelegate.m in Sources */ = {isa = PBXBuildFile; fileRef = 13DF4B4A18890363008F361F /* AppDelegate.m */; };
		13DF4B4E18890363008F361F /* Main.storyboard in Resources */ = {isa = PBXBuildFile; fileRef = 13DF4B4C18890363008F361F /* Main.storyboard */; };
		13DF4B5118890363008F361F /* ViewController.m in Sources */ = {isa = PBXBuildFile; fileRef = 13DF4B5018890363008F361F /* ViewController.m */; };
		13DF4B5318890363008F361F /* Images.xcassets in Resources */ = {isa = PBXBuildFile; fileRef = 13DF4B5218890363008F361F /* Images.xcassets */; };
		13DF4B5A18890363008F361F /* XCTest.framework in Frameworks */ = {isa = PBXBuildFile; fileRef = 13DF4B5918890363008F361F /* XCTest.framework */; };
		13DF4B5B18890363008F361F /* Foundation.framework in Frameworks */ = {isa = PBXBuildFile; fileRef = 13DF4B3A18890363008F361F /* Foundation.framework */; };
		13DF4B5C18890363008F361F /* UIKit.framework in Frameworks */ = {isa = PBXBuildFile; fileRef = 13DF4B3E18890363008F361F /* UIKit.framework */; };
		13DF4B6418890363008F361F /* InfoPlist.strings in Resources */ = {isa = PBXBuildFile; fileRef = 13DF4B6218890363008F361F /* InfoPlist.strings */; };
		13DF4B6618890363008F361F /* PodTestTests.m in Sources */ = {isa = PBXBuildFile; fileRef = 13DF4B6518890363008F361F /* PodTestTests.m */; };
/* End PBXBuildFile section */

/* Begin PBXContainerItemProxy section */
		13DF4B5D18890363008F361F /* PBXContainerItemProxy */ = {
			isa = PBXContainerItemProxy;
			containerPortal = 13DF4B2F18890363008F361F /* Project object */;
			proxyType = 1;
			remoteGlobalIDString = 13DF4B3618890363008F361F;
			remoteInfo = PodTest;
		};
/* End PBXContainerItemProxy section */

/* Begin PBXFileReference section */
		13DF4B3718890363008F361F /* PodTest.app */ = {isa = PBXFileReference; explicitFileType = wrapper.application; includeInIndex = 0; path = PodTest.app; sourceTree = BUILT_PRODUCTS_DIR; };
		13DF4B3A18890363008F361F /* Foundation.framework */ = {isa = PBXFileReference; lastKnownFileType = wrapper.framework; name = Foundation.framework; path = System/Library/Frameworks/Foundation.framework; sourceTree = SDKROOT; };
		13DF4B3C18890363008F361F /* CoreGraphics.framework */ = {isa = PBXFileReference; lastKnownFileType = wrapper.framework; name = CoreGraphics.framework; path = System/Library/Frameworks/CoreGraphics.framework; sourceTree = SDKROOT; };
		13DF4B3E18890363008F361F /* UIKit.framework */ = {isa = PBXFileReference; lastKnownFileType = wrapper.framework; name = UIKit.framework; path = System/Library/Frameworks/UIKit.framework; sourceTree = SDKROOT; };
		13DF4B4218890363008F361F /* PodTest-Info.plist */ = {isa = PBXFileReference; lastKnownFileType = text.plist.xml; path = "PodTest-Info.plist"; sourceTree = "<group>"; };
		13DF4B4418890363008F361F /* en */ = {isa = PBXFileReference; lastKnownFileType = text.plist.strings; name = en; path = en.lproj/InfoPlist.strings; sourceTree = "<group>"; };
		13DF4B4618890363008F361F /* main.m */ = {isa = PBXFileReference; lastKnownFileType = sourcecode.c.objc; path = main.m; sourceTree = "<group>"; };
		13DF4B4818890363008F361F /* PodTest-Prefix.pch */ = {isa = PBXFileReference; lastKnownFileType = sourcecode.c.h; path = "PodTest-Prefix.pch"; sourceTree = "<group>"; };
		13DF4B4918890363008F361F /* AppDelegate.h */ = {isa = PBXFileReference; lastKnownFileType = sourcecode.c.h; path = AppDelegate.h; sourceTree = "<group>"; };
		13DF4B4A18890363008F361F /* AppDelegate.m */ = {isa = PBXFileReference; lastKnownFileType = sourcecode.c.objc; path = AppDelegate.m; sourceTree = "<group>"; };
		13DF4B4D18890363008F361F /* Base */ = {isa = PBXFileReference; lastKnownFileType = file.storyboard; name = Base; path = Base.lproj/Main.storyboard; sourceTree = "<group>"; };
		13DF4B4F18890363008F361F /* ViewController.h */ = {isa = PBXFileReference; lastKnownFileType = sourcecode.c.h; path = ViewController.h; sourceTree = "<group>"; };
		13DF4B5018890363008F361F /* ViewController.m */ = {isa = PBXFileReference; lastKnownFileType = sourcecode.c.objc; path = ViewController.m; sourceTree = "<group>"; };
		13DF4B5218890363008F361F /* Images.xcassets */ = {isa = PBXFileReference; lastKnownFileType = folder.assetcatalog; path = Images.xcassets; sourceTree = "<group>"; };
		13DF4B5818890363008F361F /* PodTestTests.xctest */ = {isa = PBXFileReference; explicitFileType = wrapper.cfbundle; includeInIndex = 0; path = PodTestTests.xctest; sourceTree = BUILT_PRODUCTS_DIR; };
		13DF4B5918890363008F361F /* XCTest.framework */ = {isa = PBXFileReference; lastKnownFileType = wrapper.framework; name = XCTest.framework; path = Library/Frameworks/XCTest.framework; sourceTree = DEVELOPER_DIR; };
		13DF4B6118890363008F361F /* PodTestTests-Info.plist */ = {isa = PBXFileReference; lastKnownFileType = text.plist.xml; path = "PodTestTests-Info.plist"; sourceTree = "<group>"; };
		13DF4B6318890363008F361F /* en */ = {isa = PBXFileReference; lastKnownFileType = text.plist.strings; name = en; path = en.lproj/InfoPlist.strings; sourceTree = "<group>"; };
		13DF4B6518890363008F361F /* PodTestTests.m */ = {isa = PBXFileReference; lastKnownFileType = sourcecode.c.objc; path = PodTestTests.m; sourceTree = "<group>"; };
/* End PBXFileReference section */

/* Begin PBXFrameworksBuildPhase section */
		13DF4B3418890363008F361F /* Frameworks */ = {
			isa = PBXFrameworksBuildPhase;
			buildActionMask = 2147483647;
			files = (
				13DF4B3D18890363008F361F /* CoreGraphics.framework in Frameworks */,
				13DF4B3F18890363008F361F /* UIKit.framework in Frameworks */,
				13DF4B3B18890363008F361F /* Foundation.framework in Frameworks */,
			);
			runOnlyForDeploymentPostprocessing = 0;
		};
		13DF4B5518890363008F361F /* Frameworks */ = {
			isa = PBXFrameworksBuildPhase;
			buildActionMask = 2147483647;
			files = (
				13DF4B5A18890363008F361F /* XCTest.framework in Frameworks */,
				13DF4B5C18890363008F361F /* UIKit.framework in Frameworks */,
				13DF4B5B18890363008F361F /* Foundation.framework in Frameworks */,
			);
			runOnlyForDeploymentPostprocessing = 0;
		};
/* End PBXFrameworksBuildPhase section */

/* Begin PBXGroup section */
		13DF4B2E18890363008F361F = {
			isa = PBXGroup;
			children = (
				13DF4B4018890363008F361F /* PodTest */,
				13DF4B5F18890363008F361F /* PodTestTests */,
				13DF4B3918890363008F361F /* Frameworks */,
				13DF4B3818890363008F361F /* Products */,
			);
			sourceTree = "<group>";
		};
		13DF4B3818890363008F361F /* Products */ = {
			isa = PBXGroup;
			children = (
				13DF4B3718890363008F361F /* PodTest.app */,
				13DF4B5818890363008F361F /* PodTestTests.xctest */,
			);
			name = Products;
			sourceTree = "<group>";
		};
		13DF4B3918890363008F361F /* Frameworks */ = {
			isa = PBXGroup;
			children = (
				13DF4B3A18890363008F361F /* Foundation.framework */,
				13DF4B3C18890363008F361F /* CoreGraphics.framework */,
				13DF4B3E18890363008F361F /* UIKit.framework */,
				13DF4B5918890363008F361F /* XCTest.framework */,
			);
			name = Frameworks;
			sourceTree = "<group>";
		};
		13DF4B4018890363008F361F /* PodTest */ = {
			isa = PBXGroup;
			children = (
				13DF4B4918890363008F361F /* AppDelegate.h */,
				13DF4B4A18890363008F361F /* AppDelegate.m */,
				13DF4B4C18890363008F361F /* Main.storyboard */,
				13DF4B4F18890363008F361F /* ViewController.h */,
				13DF4B5018890363008F361F /* ViewController.m */,
				13DF4B5218890363008F361F /* Images.xcassets */,
				13DF4B4118890363008F361F /* Supporting Files */,
			);
			path = PodTest;
			sourceTree = "<group>";
		};
		13DF4B4118890363008F361F /* Supporting Files */ = {
			isa = PBXGroup;
			children = (
				13DF4B4218890363008F361F /* PodTest-Info.plist */,
				13DF4B4318890363008F361F /* InfoPlist.strings */,
				13DF4B4618890363008F361F /* main.m */,
				13DF4B4818890363008F361F /* PodTest-Prefix.pch */,
			);
			name = "Supporting Files";
			sourceTree = "<group>";
		};
		13DF4B5F18890363008F361F /* PodTestTests */ = {
			isa = PBXGroup;
			children = (
				13DF4B6518890363008F361F /* PodTestTests.m */,
				13DF4B6018890363008F361F /* Supporting Files */,
			);
			path = PodTestTests;
			sourceTree = "<group>";
		};
		13DF4B6018890363008F361F /* Supporting Files */ = {
			isa = PBXGroup;
			children = (
				13DF4B6118890363008F361F /* PodTestTests-Info.plist */,
				13DF4B6218890363008F361F /* InfoPlist.strings */,
			);
			name = "Supporting Files";
			sourceTree = "<group>";
		};
/* End PBXGroup section */

/* Begin PBXNativeTarget section */
		13DF4B3618890363008F361F /* PodTest */ = {
			isa = PBXNativeTarget;
			buildConfigurationList = 13DF4B6918890363008F361F /* Build configuration list for PBXNativeTarget "PodTest" */;
			buildPhases = (
				13DF4B3318890363008F361F /* Sources */,
				13DF4B3418890363008F361F /* Frameworks */,
				13DF4B3518890363008F361F /* Resources */,
			);
			buildRules = (
			);
			dependencies = (
			);
			name = PodTest;
			productName = PodTest;
			productReference = 13DF4B3718890363008F361F /* PodTest.app */;
			productType = "com.apple.product-type.application";
		};
		13DF4B5718890363008F361F /* PodTestTests */ = {
			isa = PBXNativeTarget;
			buildConfigurationList = 13DF4B6C18890363008F361F /* Build configuration list for PBXNativeTarget "PodTestTests" */;
			buildPhases = (
				13DF4B5418890363008F361F /* Sources */,
				13DF4B5518890363008F361F /* Frameworks */,
				13DF4B5618890363008F361F /* Resources */,
			);
			buildRules = (
			);
			dependencies = (
				13DF4B5E18890363008F361F /* PBXTargetDependency */,
			);
			name = PodTestTests;
			productName = PodTestTests;
			productReference = 13DF4B5818890363008F361F /* PodTestTests.xctest */;
			productType = "com.apple.product-type.bundle.unit-test";
		};
/* End PBXNativeTarget section */

/* Begin PBXProject section */
		13DF4B2F18890363008F361F /* Project object */ = {
			isa = PBXProject;
			attributes = {
				LastUpgradeCheck = 0500;
				ORGANIZATIONNAME = T;
				TargetAttributes = {
					13DF4B5718890363008F361F = {
						TestTargetID = 13DF4B3618890363008F361F;
					};
				};
			};
			buildConfigurationList = 13DF4B3218890363008F361F /* Build configuration list for PBXProject "PodTest" */;
			compatibilityVersion = "Xcode 3.2";
			developmentRegion = English;
			hasScannedForEncodings = 0;
			knownRegions = (
				en,
				Base,
			);
			mainGroup = 13DF4B2E18890363008F361F;
			productRefGroup = 13DF4B3818890363008F361F /* Products */;
			projectDirPath = "";
			projectRoot = "";
			targets = (
				13DF4B3618890363008F361F /* PodTest */,
				13DF4B5718890363008F361F /* PodTestTests */,
			);
		};
/* End PBXProject section */

/* Begin PBXResourcesBuildPhase section */
		13DF4B3518890363008F361F /* Resources */ = {
			isa = PBXResourcesBuildPhase;
			buildActionMask = 2147483647;
			files = (
				13DF4B5318890363008F361F /* Images.xcassets in Resources */,
				13DF4B4518890363008F361F /* InfoPlist.strings in Resources */,
				13DF4B4E18890363008F361F /* Main.storyboard in Resources */,
			);
			runOnlyForDeploymentPostprocessing = 0;
		};
		13DF4B5618890363008F361F /* Resources */ = {
			isa = PBXResourcesBuildPhase;
			buildActionMask = 2147483647;
			files = (
				13DF4B6418890363008F361F /* InfoPlist.strings in Resources */,
			);
			runOnlyForDeploymentPostprocessing = 0;
		};
/* End PBXResourcesBuildPhase section */

/* Begin PBXSourcesBuildPhase section */
		13DF4B3318890363008F361F /* Sources */ = {
			isa = PBXSourcesBuildPhase;
			buildActionMask = 2147483647;
			files = (
				13DF4B5118890363008F361F /* ViewController.m in Sources */,
				13DF4B4B18890363008F361F /* AppDelegate.m in Sources */,
				13DF4B4718890363008F361F /* main.m in Sources */,
			);
			runOnlyForDeploymentPostprocessing = 0;
		};
		13DF4B5418890363008F361F /* Sources */ = {
			isa = PBXSourcesBuildPhase;
			buildActionMask = 2147483647;
			files = (
				13DF4B6618890363008F361F /* PodTestTests.m in Sources */,
			);
			runOnlyForDeploymentPostprocessing = 0;
		};
/* End PBXSourcesBuildPhase section */

/* Begin PBXTargetDependency section */
		13DF4B5E18890363008F361F /* PBXTargetDependency */ = {
			isa = PBXTargetDependency;
			target = 13DF4B3618890363008F361F /* PodTest */;
			targetProxy = 13DF4B5D18890363008F361F /* PBXContainerItemProxy */;
		};
/* End PBXTargetDependency section */

/* Begin PBXVariantGroup section */
		13DF4B4318890363008F361F /* InfoPlist.strings */ = {
			isa = PBXVariantGroup;
			children = (
				13DF4B4418890363008F361F /* en */,
			);
			name = InfoPlist.strings;
			sourceTree = "<group>";
		};
		13DF4B4C18890363008F361F /* Main.storyboard */ = {
			isa = PBXVariantGroup;
			children = (
				13DF4B4D18890363008F361F /* Base */,
			);
			name = Main.storyboard;
			sourceTree = "<group>";
		};
		13DF4B6218890363008F361F /* InfoPlist.strings */ = {
			isa = PBXVariantGroup;
			children = (
				13DF4B6318890363008F361F /* en */,
			);
			name = InfoPlist.strings;
			sourceTree = "<group>";
		};
/* End PBXVariantGroup section */

/* Begin XCBuildConfiguration section */
		13DF4B6718890363008F361F /* Debug */ = {
			isa = XCBuildConfiguration;
			buildSettings = {
				ALWAYS_SEARCH_USER_PATHS = NO;
				ARCHS = "$(ARCHS_STANDARD_INCLUDING_64_BIT)";
				CLANG_CXX_LANGUAGE_STANDARD = "gnu++0x";
				CLANG_CXX_LIBRARY = "libc++";
				CLANG_ENABLE_MODULES = YES;
				CLANG_ENABLE_OBJC_ARC = YES;
				CLANG_WARN_BOOL_CONVERSION = YES;
				CLANG_WARN_CONSTANT_CONVERSION = YES;
				CLANG_WARN_DIRECT_OBJC_ISA_USAGE = YES_ERROR;
				CLANG_WARN_EMPTY_BODY = YES;
				CLANG_WARN_ENUM_CONVERSION = YES;
				CLANG_WARN_INT_CONVERSION = YES;
				CLANG_WARN_OBJC_ROOT_CLASS = YES_ERROR;
				CLANG_WARN__DUPLICATE_METHOD_MATCH = YES;
				"CODE_SIGN_IDENTITY[sdk=iphoneos*]" = "iPhone Developer";
				COPY_PHASE_STRIP = NO;
				GCC_C_LANGUAGE_STANDARD = gnu99;
				GCC_DYNAMIC_NO_PIC = NO;
				GCC_OPTIMIZATION_LEVEL = 0;
				GCC_PREPROCESSOR_DEFINITIONS = (
					"DEBUG=1",
					"$(inherited)",
				);
				GCC_SYMBOLS_PRIVATE_EXTERN = NO;
				GCC_WARN_64_TO_32_BIT_CONVERSION = YES;
				GCC_WARN_ABOUT_RETURN_TYPE = YES_ERROR;
				GCC_WARN_UNDECLARED_SELECTOR = YES;
				GCC_WARN_UNINITIALIZED_AUTOS = YES;
				GCC_WARN_UNUSED_FUNCTION = YES;
				GCC_WARN_UNUSED_VARIABLE = YES;
				IPHONEOS_DEPLOYMENT_TARGET = 7.0;
				ONLY_ACTIVE_ARCH = YES;
				SDKROOT = iphoneos;
			};
			name = Debug;
		};
		13DF4B6818890363008F361F /* Release */ = {
			isa = XCBuildConfiguration;
			buildSettings = {
				ALWAYS_SEARCH_USER_PATHS = NO;
				ARCHS = "$(ARCHS_STANDARD_INCLUDING_64_BIT)";
				CLANG_CXX_LANGUAGE_STANDARD = "gnu++0x";
				CLANG_CXX_LIBRARY = "libc++";
				CLANG_ENABLE_MODULES = YES;
				CLANG_ENABLE_OBJC_ARC = YES;
				CLANG_WARN_BOOL_CONVERSION = YES;
				CLANG_WARN_CONSTANT_CONVERSION = YES;
				CLANG_WARN_DIRECT_OBJC_ISA_USAGE = YES_ERROR;
				CLANG_WARN_EMPTY_BODY = YES;
				CLANG_WARN_ENUM_CONVERSION = YES;
				CLANG_WARN_INT_CONVERSION = YES;
				CLANG_WARN_OBJC_ROOT_CLASS = YES_ERROR;
				CLANG_WARN__DUPLICATE_METHOD_MATCH = YES;
				"CODE_SIGN_IDENTITY[sdk=iphoneos*]" = "iPhone Developer";
				COPY_PHASE_STRIP = YES;
				ENABLE_NS_ASSERTIONS = NO;
				GCC_C_LANGUAGE_STANDARD = gnu99;
				GCC_WARN_64_TO_32_BIT_CONVERSION = YES;
				GCC_WARN_ABOUT_RETURN_TYPE = YES_ERROR;
				GCC_WARN_UNDECLARED_SELECTOR = YES;
				GCC_WARN_UNINITIALIZED_AUTOS = YES;
				GCC_WARN_UNUSED_FUNCTION = YES;
				GCC_WARN_UNUSED_VARIABLE = YES;
				IPHONEOS_DEPLOYMENT_TARGET = 7.0;
				SDKROOT = iphoneos;
				VALIDATE_PRODUCT = YES;
			};
			name = Release;
		};
		13DF4B6A18890363008F361F /* Debug */ = {
			isa = XCBuildConfiguration;
			buildSettings = {
				ASSETCATALOG_COMPILER_APPICON_NAME = AppIcon;
				ASSETCATALOG_COMPILER_LAUNCHIMAGE_NAME = LaunchImage;
				GCC_PRECOMPILE_PREFIX_HEADER = YES;
				GCC_PREFIX_HEADER = "PodTest/PodTest-Prefix.pch";
				INFOPLIST_FILE = "PodTest/PodTest-Info.plist";
				PRODUCT_NAME = "$(TARGET_NAME)";
				WRAPPER_EXTENSION = app;
			};
			name = Debug;
		};
		13DF4B6B18890363008F361F /* Release */ = {
			isa = XCBuildConfiguration;
			buildSettings = {
				ASSETCATALOG_COMPILER_APPICON_NAME = AppIcon;
				ASSETCATALOG_COMPILER_LAUNCHIMAGE_NAME = LaunchImage;
				GCC_PRECOMPILE_PREFIX_HEADER = YES;
				GCC_PREFIX_HEADER = "PodTest/PodTest-Prefix.pch";
				INFOPLIST_FILE = "PodTest/PodTest-Info.plist";
				PRODUCT_NAME = "$(TARGET_NAME)";
				WRAPPER_EXTENSION = app;
			};
			name = Release;
		};
		13DF4B6D18890363008F361F /* Debug */ = {
			isa = XCBuildConfiguration;
			buildSettings = {
				ARCHS = "$(ARCHS_STANDARD_INCLUDING_64_BIT)";
				BUNDLE_LOADER = "$(BUILT_PRODUCTS_DIR)/PodTest.app/PodTest";
				FRAMEWORK_SEARCH_PATHS = (
					"$(SDKROOT)/Developer/Library/Frameworks",
					"$(inherited)",
					"$(DEVELOPER_FRAMEWORKS_DIR)",
				);
				GCC_PRECOMPILE_PREFIX_HEADER = YES;
				GCC_PREFIX_HEADER = "PodTest/PodTest-Prefix.pch";
				GCC_PREPROCESSOR_DEFINITIONS = (
					"DEBUG=1",
					"$(inherited)",
				);
				INFOPLIST_FILE = "PodTestTests/PodTestTests-Info.plist";
				PRODUCT_NAME = "$(TARGET_NAME)";
				TEST_HOST = "$(BUNDLE_LOADER)";
				WRAPPER_EXTENSION = xctest;
			};
			name = Debug;
		};
		13DF4B6E18890363008F361F /* Release */ = {
			isa = XCBuildConfiguration;
			buildSettings = {
				ARCHS = "$(ARCHS_STANDARD_INCLUDING_64_BIT)";
				BUNDLE_LOADER = "$(BUILT_PRODUCTS_DIR)/PodTest.app/PodTest";
				FRAMEWORK_SEARCH_PATHS = (
					"$(SDKROOT)/Developer/Library/Frameworks",
					"$(inherited)",
					"$(DEVELOPER_FRAMEWORKS_DIR)",
				);
				GCC_PRECOMPILE_PREFIX_HEADER = YES;
				GCC_PREFIX_HEADER = "PodTest/PodTest-Prefix.pch";
				INFOPLIST_FILE = "PodTestTests/PodTestTests-Info.plist";
				PRODUCT_NAME = "$(TARGET_NAME)";
				TEST_HOST = "$(BUNDLE_LOADER)";
				WRAPPER_EXTENSION = xctest;
			};
			name = Release;
		};
/* End XCBuildConfiguration section */

/* Begin XCConfigurationList section */
		13DF4B3218890363008F361F /* Build configuration list for PBXProject "PodTest" */ = {
			isa = XCConfigurationList;
			buildConfigurations = (
				13DF4B6718890363008F361F /* Debug */,
				13DF4B6818890363008F361F /* Release */,
			);
			defaultConfigurationIsVisible = 0;
			defaultConfigurationName = Release;
		};
		13DF4B6918890363008F361F /* Build configuration list for PBXNativeTarget "PodTest" */ = {
			isa = XCConfigurationList;
			buildConfigurations = (
				13DF4B6A18890363008F361F /* Debug */,
				13DF4B6B18890363008F361F /* Release */,
			);
			defaultConfigurationIsVisible = 0;
		};
		13DF4B6C18890363008F361F /* Build configuration list for PBXNativeTarget "PodTestTests" */ = {
			isa = XCConfigurationList;
			buildConfigurations = (
				13DF4B6D18890363008F361F /* Debug */,
				13DF4B6E18890363008F361F /* Release */,
			);
			defaultConfigurationIsVisible = 0;
		};
/* End XCConfigurationList section */
	};
	rootObject = 13DF4B2F18890363008F361F /* Project object */;
}
